// !$*UTF8*$!
{
	archiveVersion = 1;
	classes = {
	};
	objectVersion = 46;
	objects = {

/* Begin PBXBuildFile section */
		B844EE861BFDDE4000B6D862 /* main.m in Sources */ = {isa = PBXBuildFile; fileRef = B844EE851BFDDE4000B6D862 /* main.m */; };
		B844EE891BFDDE4000B6D862 /* AppDelegate.m in Sources */ = {isa = PBXBuildFile; fileRef = B844EE881BFDDE4000B6D862 /* AppDelegate.m */; };
		B844EE8C1BFDDE4000B6D862 /* ViewController.m in Sources */ = {isa = PBXBuildFile; fileRef = B844EE8B1BFDDE4000B6D862 /* ViewController.m */; };
		B844EE8F1BFDDE4000B6D862 /* Main.storyboard in Resources */ = {isa = PBXBuildFile; fileRef = B844EE8D1BFDDE4000B6D862 /* Main.storyboard */; };
		B844EE911BFDDE4000B6D862 /* Assets.xcassets in Resources */ = {isa = PBXBuildFile; fileRef = B844EE901BFDDE4000B6D862 /* Assets.xcassets */; };
		B844EE941BFDDE4000B6D862 /* LaunchScreen.storyboard in Resources */ = {isa = PBXBuildFile; fileRef = B844EE921BFDDE4000B6D862 /* LaunchScreen.storyboard */; };
		B844EE9F1BFDDEF800B6D862 /* ButtonRedLarge.png in Resources */ = {isa = PBXBuildFile; fileRef = B844EE9B1BFDDEF800B6D862 /* ButtonRedLarge.png */; };
		B844EEA01BFDDEF800B6D862 /* icon_shoppingCart.png in Resources */ = {isa = PBXBuildFile; fileRef = B844EE9C1BFDDEF800B6D862 /* icon_shoppingCart.png */; };
		B844EEA11BFDDEF800B6D862 /* TabCartSelected@2x.png in Resources */ = {isa = PBXBuildFile; fileRef = B844EE9D1BFDDEF800B6D862 /* TabCartSelected@2x.png */; };
		B844EEA21BFDDEF800B6D862 /* test01.jpg in Resources */ = {isa = PBXBuildFile; fileRef = B844EE9E1BFDDEF800B6D862 /* test01.jpg */; };
		B844EEA51BFDDF3700B6D862 /* TableViewCell.m in Sources */ = {isa = PBXBuildFile; fileRef = B844EEA41BFDDF3700B6D862 /* TableViewCell.m */; };
/* End PBXBuildFile section */

/* Begin PBXFileReference section */
		B844EE811BFDDE4000B6D862 /* 购物车放入动画.app */ = {isa = PBXFileReference; explicitFileType = wrapper.application; includeInIndex = 0; path = "购物车放入动画.app"; sourceTree = BUILT_PRODUCTS_DIR; };
		B844EE851BFDDE4000B6D862 /* main.m */ = {isa = PBXFileReference; lastKnownFileType = sourcecode.c.objc; path = main.m; sourceTree = "<group>"; };
		B844EE871BFDDE4000B6D862 /* AppDelegate.h */ = {isa = PBXFileReference; lastKnownFileType = sourcecode.c.h; path = AppDelegate.h; sourceTree = "<group>"; };
		B844EE881BFDDE4000B6D862 /* AppDelegate.m */ = {isa = PBXFileReference; lastKnownFileType = sourcecode.c.objc; path = AppDelegate.m; sourceTree = "<group>"; };
		B844EE8A1BFDDE4000B6D862 /* ViewController.h */ = {isa = PBXFileReference; lastKnownFileType = sourcecode.c.h; path = ViewController.h; sourceTree = "<group>"; };
		B844EE8B1BFDDE4000B6D862 /* ViewController.m */ = {isa = PBXFileReference; lastKnownFileType = sourcecode.c.objc; path = ViewController.m; sourceTree = "<group>"; };
		B844EE8E1BFDDE4000B6D862 /* Base */ = {isa = PBXFileReference; lastKnownFileType = file.storyboard; name = Base; path = Base.lproj/Main.storyboard; sourceTree = "<group>"; };
		B844EE901BFDDE4000B6D862 /* Assets.xcassets */ = {isa = PBXFileReference; lastKnownFileType = folder.assetcatalog; path = Assets.xcassets; sourceTree = "<group>"; };
		B844EE931BFDDE4000B6D862 /* Base */ = {isa = PBXFileReference; lastKnownFileType = file.storyboard; name = Base; path = Base.lproj/LaunchScreen.storyboard; sourceTree = "<group>"; };
		B844EE951BFDDE4000B6D862 /* Info.plist */ = {isa = PBXFileReference; lastKnownFileType = text.plist.xml; path = Info.plist; sourceTree = "<group>"; };
		B844EE9B1BFDDEF800B6D862 /* ButtonRedLarge.png */ = {isa = PBXFileReference; lastKnownFileType = image.png; path = ButtonRedLarge.png; sourceTree = "<group>"; };
		B844EE9C1BFDDEF800B6D862 /* icon_shoppingCart.png */ = {isa = PBXFileReference; lastKnownFileType = image.png; path = icon_shoppingCart.png; sourceTree = "<group>"; };
		B844EE9D1BFDDEF800B6D862 /* TabCartSelected@2x.png */ = {isa = PBXFileReference; lastKnownFileType = image.png; path = "TabCartSelected@2x.png"; sourceTree = "<group>"; };
		B844EE9E1BFDDEF800B6D862 /* test01.jpg */ = {isa = PBXFileReference; lastKnownFileType = image.jpeg; path = test01.jpg; sourceTree = "<group>"; };
		B844EEA31BFDDF3700B6D862 /* TableViewCell.h */ = {isa = PBXFileReference; fileEncoding = 4; lastKnownFileType = sourcecode.c.h; path = TableViewCell.h; sourceTree = "<group>"; };
		B844EEA41BFDDF3700B6D862 /* TableViewCell.m */ = {isa = PBXFileReference; fileEncoding = 4; lastKnownFileType = sourcecode.c.objc; path = TableViewCell.m; sourceTree = "<group>"; };
/* End PBXFileReference section */

/* Begin PBXFrameworksBuildPhase section */
		B844EE7E1BFDDE4000B6D862 /* Frameworks */ = {
			isa = PBXFrameworksBuildPhase;
			buildActionMask = 2147483647;
			files = (
			);
			runOnlyForDeploymentPostprocessing = 0;
		};
/* End PBXFrameworksBuildPhase section */

/* Begin PBXGroup section */
		B844EE781BFDDE4000B6D862 = {
			isa = PBXGroup;
			children = (
				B844EE831BFDDE4000B6D862 /* 购物车放入动画 */,
				B844EE821BFDDE4000B6D862 /* Products */,
			);
			sourceTree = "<group>";
		};
		B844EE821BFDDE4000B6D862 /* Products */ = {
			isa = PBXGroup;
			children = (
				B844EE811BFDDE4000B6D862 /* 购物车放入动画.app */,
			);
			name = Products;
			sourceTree = "<group>";
		};
		B844EE831BFDDE4000B6D862 /* 购物车放入动画 */ = {
			isa = PBXGroup;
			children = (
				B844EE9B1BFDDEF800B6D862 /* ButtonRedLarge.png */,
				B844EE9C1BFDDEF800B6D862 /* icon_shoppingCart.png */,
				B844EE9D1BFDDEF800B6D862 /* TabCartSelected@2x.png */,
				B844EE9E1BFDDEF800B6D862 /* test01.jpg */,
				B844EE871BFDDE4000B6D862 /* AppDelegate.h */,
				B844EE881BFDDE4000B6D862 /* AppDelegate.m */,
				B844EEA31BFDDF3700B6D862 /* TableViewCell.h */,
				B844EEA41BFDDF3700B6D862 /* TableViewCell.m */,
				B844EE8A1BFDDE4000B6D862 /* ViewController.h */,
				B844EE8B1BFDDE4000B6D862 /* ViewController.m */,
				B844EE8D1BFDDE4000B6D862 /* Main.storyboard */,
				B844EE901BFDDE4000B6D862 /* Assets.xcassets */,
				B844EE921BFDDE4000B6D862 /* LaunchScreen.storyboard */,
				B844EE951BFDDE4000B6D862 /* Info.plist */,
				B844EE841BFDDE4000B6D862 /* Supporting Files */,
			);
			path = "购物车放入动画";
			sourceTree = "<group>";
		};
		B844EE841BFDDE4000B6D862 /* Supporting Files */ = {
			isa = PBXGroup;
			children = (
				B844EE851BFDDE4000B6D862 /* main.m */,
			);
			name = "Supporting Files";
			sourceTree = "<group>";
		};
/* End PBXGroup section */

/* Begin PBXNativeTarget section */
		B844EE801BFDDE4000B6D862 /* 购物车放入动画 */ = {
			isa = PBXNativeTarget;
			buildConfigurationList = B844EE981BFDDE4000B6D862 /* Build configuration list for PBXNativeTarget "购物车放入动画" */;
			buildPhases = (
				B844EE7D1BFDDE4000B6D862 /* Sources */,
				B844EE7E1BFDDE4000B6D862 /* Frameworks */,
				B844EE7F1BFDDE4000B6D862 /* Resources */,
			);
			buildRules = (
			);
			dependencies = (
			);
			name = "购物车放入动画";
			productName = "购物车放入动画";
			productReference = B844EE811BFDDE4000B6D862 /* 购物车放入动画.app */;
			productType = "com.apple.product-type.application";
		};
/* End PBXNativeTarget section */

/* Begin PBXProject section */
		B844EE791BFDDE4000B6D862 /* Project object */ = {
			isa = PBXProject;
			attributes = {
				LastUpgradeCheck = 0710;
				ORGANIZATIONNAME = Pony;
				TargetAttributes = {
					B844EE801BFDDE4000B6D862 = {
						CreatedOnToolsVersion = 7.1.1;
					};
				};
			};
			buildConfigurationList = B844EE7C1BFDDE4000B6D862 /* Build configuration list for PBXProject "购物车放入动画" */;
			compatibilityVersion = "Xcode 3.2";
			developmentRegion = English;
			hasScannedForEncodings = 0;
			knownRegions = (
				en,
				Base,
			);
			mainGroup = B844EE781BFDDE4000B6D862;
			productRefGroup = B844EE821BFDDE4000B6D862 /* Products */;
			projectDirPath = "";
			projectRoot = "";
			targets = (
				B844EE801BFDDE4000B6D862 /* 购物车放入动画 */,
			);
		};
/* End PBXProject section */

/* Begin PBXResourcesBuildPhase section */
		B844EE7F1BFDDE4000B6D862 /* Resources */ = {
			isa = PBXResourcesBuildPhase;
			buildActionMask = 2147483647;
			files = (
				B844EE941BFDDE4000B6D862 /* LaunchScreen.storyboard in Resources */,
				B844EEA01BFDDEF800B6D862 /* icon_shoppingCart.png in Resources */,
				B844EE911BFDDE4000B6D862 /* Assets.xcassets in Resources */,
				B844EE8F1BFDDE4000B6D862 /* Main.storyboard in Resources */,
				B844EE9F1BFDDEF800B6D862 /* ButtonRedLarge.png in Resources */,
				B844EEA21BFDDEF800B6D862 /* test01.jpg in Resources */,
				B844EEA11BFDDEF800B6D862 /* TabCartSelected@2x.png in Resources */,
			);
			runOnlyForDeploymentPostprocessing = 0;
		};
/* End PBXResourcesBuildPhase section */

/* Begin PBXSourcesBuildPhase section */
		B844EE7D1BFDDE4000B6D862 /* Sources */ = {
			isa = PBXSourcesBuildPhase;
			buildActionMask = 2147483647;
			files = (
				B844EE8C1BFDDE4000B6D862 /* ViewController.m in Sources */,
				B844EEA51BFDDF3700B6D862 /* TableViewCell.m in Sources */,
				B844EE891BFDDE4000B6D862 /* AppDelegate.m in Sources */,
				B844EE861BFDDE4000B6D862 /* main.m in Sources */,
			);
			runOnlyForDeploymentPostprocessing = 0;
		};
/* End PBXSourcesBuildPhase section */

/* Begin PBXVariantGroup section */
		B844EE8D1BFDDE4000B6D862 /* Main.storyboard */ = {
			isa = PBXVariantGroup;
			children = (
				B844EE8E1BFDDE4000B6D862 /* Base */,
			);
			name = Main.storyboard;
			sourceTree = "<group>";
		};
		B844EE921BFDDE4000B6D862 /* LaunchScreen.storyboard */ = {
			isa = PBXVariantGroup;
			children = (
				B844EE931BFDDE4000B6D862 /* Base */,
			);
			name = LaunchScreen.storyboard;
			sourceTree = "<group>";
		};
/* End PBXVariantGroup section */

/* Begin XCBuildConfiguration section */
		B844EE961BFDDE4000B6D862 /* Debug */ = {
			isa = XCBuildConfiguration;
			buildSettings = {
				ALWAYS_SEARCH_USER_PATHS = NO;
				CLANG_CXX_LANGUAGE_STANDARD = "gnu++0x";
				CLANG_CXX_LIBRARY = "libc++";
				CLANG_ENABLE_MODULES = YES;
				CLANG_ENABLE_OBJC_ARC = YES;
				CLANG_WARN_BOOL_CONVERSION = YES;
				CLANG_WARN_CONSTANT_CONVERSION = YES;
				CLANG_WARN_DIRECT_OBJC_ISA_USAGE = YES_ERROR;
				CLANG_WARN_EMPTY_BODY = YES;
				CLANG_WARN_ENUM_CONVERSION = YES;
				CLANG_WARN_INT_CONVERSION = YES;
				CLANG_WARN_OBJC_ROOT_CLASS = YES_ERROR;
				CLANG_WARN_UNREACHABLE_CODE = YES;
				CLANG_WARN__DUPLICATE_METHOD_MATCH = YES;
				"CODE_SIGN_IDENTITY[sdk=iphoneos*]" = "iPhone Developer";
				COPY_PHASE_STRIP = NO;
				DEBUG_INFORMATION_FORMAT = dwarf;
				ENABLE_STRICT_OBJC_MSGSEND = YES;
				ENABLE_TESTABILITY = YES;
				GCC_C_LANGUAGE_STANDARD = gnu99;
				GCC_DYNAMIC_NO_PIC = NO;
				GCC_NO_COMMON_BLOCKS = YES;
				GCC_OPTIMIZATION_LEVEL = 0;
				GCC_PREPROCESSOR_DEFINITIONS = (
					"DEBUG=1",
					"$(inherited)",
				);
				GCC_WARN_64_TO_32_BIT_CONVERSION = YES;
				GCC_WARN_ABOUT_RETURN_TYPE = YES_ERROR;
				GCC_WARN_UNDECLARED_SELECTOR = YES;
				GCC_WARN_UNINITIALIZED_AUTOS = YES_AGGRESSIVE;
				GCC_WARN_UNUSED_FUNCTION = YES;
				GCC_WARN_UNUSED_VARIABLE = YES;
				IPHONEOS_DEPLOYMENT_TARGET = 9.1;
				MTL_ENABLE_DEBUG_INFO = YES;
				ONLY_ACTIVE_ARCH = YES;
				SDKROOT = iphoneos;
			};
			name = Debug;
		};
		B844EE971BFDDE4000B6D862 /* Release */ = {
			isa = XCBuildConfiguration;
			buildSettings = {
				ALWAYS_SEARCH_USER_PATHS = NO;
				CLANG_CXX_LANGUAGE_STANDARD = "gnu++0x";
				CLANG_CXX_LIBRARY = "libc++";
				CLANG_ENABLE_MODULES = YES;
				CLANG_ENABLE_OBJC_ARC = YES;
				CLANG_WARN_BOOL_CONVERSION = YES;
				CLANG_WARN_CONSTANT_CONVERSION = YES;
				CLANG_WARN_DIRECT_OBJC_ISA_USAGE = YES_ERROR;
				CLANG_WARN_EMPTY_BODY = YES;
				CLANG_WARN_ENUM_CONVERSION = YES;
				CLANG_WARN_INT_CONVERSION = YES;
				CLANG_WARN_OBJC_ROOT_CLASS = YES_ERROR;
				CLANG_WARN_UNREACHABLE_CODE = YES;
				CLANG_WARN__DUPLICATE_METHOD_MATCH = YES;
				"CODE_SIGN_IDENTITY[sdk=iphoneos*]" = "iPhone Developer";
				COPY_PHASE_STRIP = NO;
				DEBUG_INFORMATION_FORMAT = "dwarf-with-dsym";
				ENABLE_NS_ASSERTIONS = NO;
				ENABLE_STRICT_OBJC_MSGSEND = YES;
				GCC_C_LANGUAGE_STANDARD = gnu99;
				GCC_NO_COMMON_BLOCKS = YES;
				GCC_WARN_64_TO_32_BIT_CONVERSION = YES;
				GCC_WARN_ABOUT_RETURN_TYPE = YES_ERROR;
				GCC_WARN_UNDECLARED_SELECTOR = YES;
				GCC_WARN_UNINITIALIZED_AUTOS = YES_AGGRESSIVE;
				GCC_WARN_UNUSED_FUNCTION = YES;
				GCC_WARN_UNUSED_VARIABLE = YES;
				IPHONEOS_DEPLOYMENT_TARGET = 9.1;
				MTL_ENABLE_DEBUG_INFO = NO;
				SDKROOT = iphoneos;
				VALIDATE_PRODUCT = YES;
			};
			name = Release;
		};
		B844EE991BFDDE4000B6D862 /* Debug */ = {
			isa = XCBuildConfiguration;
			buildSettings = {
				ASSETCATALOG_COMPILER_APPICON_NAME = AppIcon;
				INFOPLIST_FILE = "购物车放入动画/Info.plist";
				LD_RUNPATH_SEARCH_PATHS = "$(inherited) @executable_path/Frameworks";
				PRODUCT_BUNDLE_IDENTIFIER = "com.GuanAi.WYP.-------";
				PRODUCT_NAME = "$(TARGET_NAME)";
			};
			name = Debug;
		};
		B844EE9A1BFDDE4000B6D862 /* Release */ = {
			isa = XCBuildConfiguration;
			buildSettings = {
				ASSETCATALOG_COMPILER_APPICON_NAME = AppIcon;
				INFOPLIST_FILE = "购物车放入动画/Info.plist";
				LD_RUNPATH_SEARCH_PATHS = "$(inherited) @executable_path/Frameworks";
				PRODUCT_BUNDLE_IDENTIFIER = "com.GuanAi.WYP.-------";
				PRODUCT_NAME = "$(TARGET_NAME)";
			};
			name = Release;
		};
/* End XCBuildConfiguration section */

/* Begin XCConfigurationList section */
		B844EE7C1BFDDE4000B6D862 /* Build configuration list for PBXProject "购物车放入动画" */ = {
			isa = XCConfigurationList;
			buildConfigurations = (
				B844EE961BFDDE4000B6D862 /* Debug */,
				B844EE971BFDDE4000B6D862 /* Release */,
			);
			defaultConfigurationIsVisible = 0;
			defaultConfigurationName = Release;
		};
		B844EE981BFDDE4000B6D862 /* Build configuration list for PBXNativeTarget "购物车放入动画" */ = {
			isa = XCConfigurationList;
			buildConfigurations = (
				B844EE991BFDDE4000B6D862 /* Debug */,
				B844EE9A1BFDDE4000B6D862 /* Release */,
			);
			defaultConfigurationIsVisible = 0;
			defaultConfigurationName = Release;
		};
/* End XCConfigurationList section */
	};
	rootObject = B844EE791BFDDE4000B6D862 /* Project object */;
}
